// !$*UTF8*$!
{
	archiveVersion = 1;
	classes = {
	};
	objectVersion = 56;
	objects = {

/* Begin PBXBuildFile section */
		A10000010000000000000001 /* IllnessCheckApp.swift in Sources */ = {isa = PBXBuildFile; fileRef = A10000110000000000000001 /* IllnessCheckApp.swift */; };
		A10000010000000000000002 /* Models.swift in Sources */ = {isa = PBXBuildFile; fileRef = A10000110000000000000002 /* Models.swift */; };
		A10000010000000000000003 /* ReminderManager.swift in Sources */ = {isa = PBXBuildFile; fileRef = A10000110000000000000003 /* ReminderManager.swift */; };
		A10000010000000000000004 /* RootView.swift in Sources */ = {isa = PBXBuildFile; fileRef = A10000110000000000000004 /* RootView.swift */; };
		A10000010000000000000005 /* EntryEditorView.swift in Sources */ = {isa = PBXBuildFile; fileRef = A10000110000000000000005 /* EntryEditorView.swift */; };
		A10000010000000000000006 /* ReminderSettingsView.swift in Sources */ = {isa = PBXBuildFile; fileRef = A10000110000000000000006 /* ReminderSettingsView.swift */; };
/* End PBXBuildFile section */

/* Begin PBXFileReference section */
		A10000110000000000000001 /* IllnessCheckApp.swift */ = {isa = PBXFileReference; lastKnownFileType = sourcecode.swift; path = IllnessCheckApp.swift; sourceTree = "<group>"; };
		A10000110000000000000002 /* Models.swift */ = {isa = PBXFileReference; lastKnownFileType = sourcecode.swift; path = Models.swift; sourceTree = "<group>"; };
		A10000110000000000000003 /* ReminderManager.swift */ = {isa = PBXFileReference; lastKnownFileType = sourcecode.swift; path = ReminderManager.swift; sourceTree = "<group>"; };
		A10000110000000000000004 /* RootView.swift */ = {isa = PBXFileReference; lastKnownFileType = sourcecode.swift; path = RootView.swift; sourceTree = "<group>"; };
		A10000110000000000000005 /* EntryEditorView.swift */ = {isa = PBXFileReference; lastKnownFileType = sourcecode.swift; path = EntryEditorView.swift; sourceTree = "<group>"; };
		A10000110000000000000006 /* ReminderSettingsView.swift */ = {isa = PBXFileReference; lastKnownFileType = sourcecode.swift; path = ReminderSettingsView.swift; sourceTree = "<group>"; };
		A10000110000000000000007 /* IllnessCheck.app */ = {isa = PBXFileReference; explicitFileType = wrapper.application; path = IllnessCheck.app; sourceTree = BUILT_PRODUCTS_DIR; };
/* End PBXFileReference section */

/* Begin PBXFrameworksBuildPhase section */
		A10000210000000000000001 /* Frameworks */ = {
			isa = PBXFrameworksBuildPhase;
			buildActionMask = 2147483647;
			files = (
			);
			runOnlyForDeploymentPostprocessing = 0;
		};
/* End PBXFrameworksBuildPhase section */

/* Begin PBXGroup section */
		A10000310000000000000001 = {
			isa = PBXGroup;
			children = (
				A10000310000000000000002 /* IllnessCheck */,
				A10000310000000000000003 /* Products */,
			);
			sourceTree = "<group>";
		};
		A10000310000000000000002 /* IllnessCheck */ = {
			isa = PBXGroup;
			path = IllnessCheck;
			sourceTree = "<group>";
			children = (
				A10000110000000000000001 /* IllnessCheckApp.swift */,
				A10000110000000000000002 /* Models.swift */,
				A10000110000000000000003 /* ReminderManager.swift */,
				A10000110000000000000004 /* RootView.swift */,
				A10000110000000000000005 /* EntryEditorView.swift */,
				A10000110000000000000006 /* ReminderSettingsView.swift */,
			);
		};
		A10000310000000000000003 /* Products */ = {
			isa = PBXGroup;
			children = (
				A10000110000000000000007 /* IllnessCheck.app */,
			);
			sourceTree = "<group>";
		};
/* End PBXGroup section */

/* Begin PBXNativeTarget section */
		A10000410000000000000001 /* IllnessCheck */ = {
			isa = PBXNativeTarget;
			buildConfigurationList = A10000510000000000000001 /* Build configuration list for PBXNativeTarget \"IllnessCheck\" */;
			buildPhases = (
				A10000610000000000000001 /* Sources */,
				A10000210000000000000001 /* Frameworks */,
				A10000710000000000000001 /* Resources */,
			);
			buildRules = (
			);
			dependencies = (
			);
			name = IllnessCheck;
			productName = IllnessCheck;
			productReference = A10000110000000000000007 /* IllnessCheck.app */;
			productType = "com.apple.product-type.application";
		};
/* End PBXNativeTarget section */

/* Begin PBXProject section */
		A10000810000000000000001 /* Project object */ = {
			isa = PBXProject;
			attributes = {
				BuildIndependentTargetsInParallel = 1;
				LastSwiftUpdateCheck = 1600;
				LastUpgradeCheck = 1600;
				TargetAttributes = {
					A10000410000000000000001 = {
						CreatedOnToolsVersion = 16.0;
					};
				};
			};
			buildConfigurationList = A10000510000000000000002 /* Build configuration list for PBXProject \"IllnessCheck\" */;
			compatibilityVersion = "Xcode 14.0";
			developmentRegion = en;
			hasScannedForEncodings = 0;
			knownRegions = (
				en,
				Base,
			);
			mainGroup = A10000310000000000000001;
			productRefGroup = A10000310000000000000003 /* Products */;
			projectDirPath = "";
			projectRoot = "";
			targets = (
				A10000410000000000000001 /* IllnessCheck */,
			);
		};
/* End PBXProject section */

/* Begin PBXResourcesBuildPhase section */
		A10000710000000000000001 /* Resources */ = {
			isa = PBXResourcesBuildPhase;
			buildActionMask = 2147483647;
			files = (
			);
			runOnlyForDeploymentPostprocessing = 0;
		};
/* End PBXResourcesBuildPhase section */

/* Begin PBXSourcesBuildPhase section */
		A10000610000000000000001 /* Sources */ = {
			isa = PBXSourcesBuildPhase;
			buildActionMask = 2147483647;
			files = (
				A10000010000000000000001 /* IllnessCheckApp.swift in Sources */,
				A10000010000000000000002 /* Models.swift in Sources */,
				A10000010000000000000003 /* ReminderManager.swift in Sources */,
				A10000010000000000000004 /* RootView.swift in Sources */,
				A10000010000000000000005 /* EntryEditorView.swift in Sources */,
				A10000010000000000000006 /* ReminderSettingsView.swift in Sources */,
			);
			runOnlyForDeploymentPostprocessing = 0;
		};
/* End PBXSourcesBuildPhase section */

/* Begin XCBuildConfiguration section */
		A10000910000000000000001 /* Debug */ = {
			isa = XCBuildConfiguration;
			buildSettings = {
				ASSETCATALOG_COMPILER_APPICON_NAME = AppIcon;
				CODE_SIGN_STYLE = Automatic;
				CURRENT_PROJECT_VERSION = 1;
				DEVELOPMENT_TEAM = "";
				GENERATE_INFOPLIST_FILE = YES;
				INFOPLIST_KEY_UIApplicationSceneManifest_Generation = YES;
				INFOPLIST_KEY_UIApplicationSupportsIndirectInputEvents = YES;
				INFOPLIST_KEY_UILaunchScreen_Generation = YES;
				INFOPLIST_KEY_UISupportedInterfaceOrientations_iPhone = UIInterfaceOrientationPortrait;
				IPHONEOS_DEPLOYMENT_TARGET = 17.0;
				LD_RUNPATH_SEARCH_PATHS = (
					"$(inherited)",
					"@executable_path/Frameworks",
				);
				MARKETING_VERSION = 1.0;
				PRODUCT_BUNDLE_IDENTIFIER = com.waymanclaw.IllnessCheck;
				PRODUCT_NAME = "$(TARGET_NAME)";
				SDKROOT = iphoneos;
				SUPPORTED_PLATFORMS = "iphoneos iphonesimulator";
				SWIFT_EMIT_LOC_STRINGS = YES;
				SWIFT_VERSION = 5.0;
				TARGETED_DEVICE_FAMILY = 1;
			};
			name = Debug;
		};
		A10000910000000000000002 /* Release */ = {
			isa = XCBuildConfiguration;
			buildSettings = {
				ASSETCATALOG_COMPILER_APPICON_NAME = AppIcon;
				CODE_SIGN_STYLE = Automatic;
				CURRENT_PROJECT_VERSION = 1;
				DEVELOPMENT_TEAM = "";
				GENERATE_INFOPLIST_FILE = YES;
				INFOPLIST_KEY_UIApplicationSceneManifest_Generation = YES;
				INFOPLIST_KEY_UIApplicationSupportsIndirectInputEvents = YES;
				INFOPLIST_KEY_UILaunchScreen_Generation = YES;
				INFOPLIST_KEY_UISupportedInterfaceOrientations_iPhone = UIInterfaceOrientationPortrait;
				IPHONEOS_DEPLOYMENT_TARGET = 17.0;
				LD_RUNPATH_SEARCH_PATHS = (
					"$(inherited)",
					"@executable_path/Frameworks",
				);
				MARKETING_VERSION = 1.0;
				PRODUCT_BUNDLE_IDENTIFIER = com.waymanclaw.IllnessCheck;
				PRODUCT_NAME = "$(TARGET_NAME)";
				SDKROOT = iphoneos;
				SUPPORTED_PLATFORMS = "iphoneos iphonesimulator";
				SWIFT_EMIT_LOC_STRINGS = YES;
				SWIFT_VERSION = 5.0;
				TARGETED_DEVICE_FAMILY = 1;
			};
			name = Release;
		};
		A10000910000000000000003 /* Debug */ = {
			isa = XCBuildConfiguration;
			buildSettings = {
				CODE_SIGN_STYLE = Automatic;
				CURRENT_PROJECT_VERSION = 1;
				MARKETING_VERSION = 1.0;
				PRODUCT_NAME = "$(TARGET_NAME)";
				SWIFT_VERSION = 5.0;
			};
			name = Debug;
		};
		A10000910000000000000004 /* Release */ = {
			isa = XCBuildConfiguration;
			buildSettings = {
				CODE_SIGN_STYLE = Automatic;
				CURRENT_PROJECT_VERSION = 1;
				MARKETING_VERSION = 1.0;
				PRODUCT_NAME = "$(TARGET_NAME)";
				SWIFT_VERSION = 5.0;
			};
			name = Release;
		};
/* End XCBuildConfiguration section */

/* Begin XCConfigurationList section */
		A10000510000000000000001 /* Build configuration list for PBXNativeTarget "IllnessCheck" */ = {
			isa = XCConfigurationList;
			buildConfigurations = (
				A10000910000000000000001 /* Debug */,
				A10000910000000000000002 /* Release */,
			);
			defaultConfigurationIsVisible = 0;
			defaultConfigurationName = Release;
		};
		A10000510000000000000002 /* Build configuration list for PBXProject "IllnessCheck" */ = {
			isa = XCConfigurationList;
			buildConfigurations = (
				A10000910000000000000003 /* Debug */,
				A10000910000000000000004 /* Release */,
			);
			defaultConfigurationIsVisible = 0;
			defaultConfigurationName = Release;
		};
/* End XCConfigurationList section */
	};
	rootObject = A10000810000000000000001 /* Project object */;
}
